
Microsoft Visual Studio Solution File, Format Version 12.00
# Visual Studio Version 16
VisualStudioVersion = 16.0.29006.145
MinimumVisualStudioVersion = 10.0.40219.1
Project("{2150E333-8FDC-42A3-9474-1A3956D46DE8}") = "Solution", "Solution", "{3E6F2E8E-3811-4C1C-BE4C-12C3B88C945F}"
	ProjectSection(SolutionItems) = preProject
		.gitattributes = .gitattributes
		.gitignore = .gitignore
		azure-pipelines.yml = azure-pipelines.yml
		Directory.Build.props = Directory.Build.props
		README.md = README.md
	EndProjectSection
EndProject
Project("{9A19103F-16F7-4668-BE54-9A1E7A4F7556}") = "NetFabric.DoublyLinkedList", "NetFabric.DoublyLinkedList\NetFabric.DoublyLinkedList.csproj", "{6ACA7905-0F4A-47A9-8D5F-26B5EAD6727B}"
EndProject
Project("{9A19103F-16F7-4668-BE54-9A1E7A4F7556}") = "NetFabric.DoublyLinkedList.Tests", "NetFabric.DoublyLinkedList.Tests\NetFabric.DoublyLinkedList.Tests.csproj", "{59403A65-5E0D-4CAE-AB1C-E745B5080004}"
EndProject
Project("{9A19103F-16F7-4668-BE54-9A1E7A4F7556}") = "NetFabric.DoublyLinkedList.Benchmark", "NetFabric.DoublyLinkedList.Benchmark\NetFabric.DoublyLinkedList.Benchmark.csproj", "{106D90C3-2BC8-48DE-AABC-B079D344E8DF}"
EndProject
Global
	GlobalSection(SolutionConfigurationPlatforms) = preSolution
		Debug|Any CPU = Debug|Any CPU
		Release|Any CPU = Release|Any CPU
	EndGlobalSection
	GlobalSection(ProjectConfigurationPlatforms) = postSolution
		{6ACA7905-0F4A-47A9-8D5F-26B5EAD6727B}.Debug|Any CPU.ActiveCfg = Debug|Any CPU
		{6ACA7905-0F4A-47A9-8D5F-26B5EAD6727B}.Debug|Any CPU.Build.0 = Debug|Any CPU
		{6ACA7905-0F4A-47A9-8D5F-26B5EAD6727B}.Release|Any CPU.ActiveCfg = Release|Any CPU
		{6ACA7905-0F4A-47A9-8D5F-26B5EAD6727B}.Release|Any CPU.Build.0 = Release|Any CPU
		{59403A65-5E0D-4CAE-AB1C-E745B5080004}.Debug|Any CPU.ActiveCfg = Debug|Any CPU
		{59403A65-5E0D-4CAE-AB1C-E745B5080004}.Debug|Any CPU.Build.0 = Debug|Any CPU
		{59403A65-5E0D-4CAE-AB1C-E745B5080004}.Release|Any CPU.ActiveCfg = Release|Any CPU
		{59403A65-5E0D-4CAE-AB1C-E745B5080004}.Release|Any CPU.Build.0 = Release|Any CPU
		{106D90C3-2BC8-48DE-AABC-B079D344E8DF}.Debug|Any CPU.ActiveCfg = Debug|Any CPU
		{106D90C3-2BC8-48DE-AABC-B079D344E8DF}.Debug|Any CPU.Build.0 = Debug|Any CPU
		{106D90C3-2BC8-48DE-AABC-B079D344E8DF}.Release|Any CPU.ActiveCfg = Release|Any CPU
		{106D90C3-2BC8-48DE-AABC-B079D344E8DF}.Release|Any CPU.Build.0 = Release|Any CPU
	EndGlobalSection
	GlobalSection(SolutionProperties) = preSolution
		HideSolutionNode = FALSE
	EndGlobalSection
	GlobalSection(ExtensibilityGlobals) = postSolution
		SolutionGuid = {966F7C7A-B805-4B89-B00F-EE1210286FAC}
	EndGlobalSection
EndGlobal
