
Microsoft Visual Studio Solution File, Format Version 12.00
# Visual Studio 15
VisualStudioVersion = 15.0.28307.106
MinimumVisualStudioVersion = 10.0.40219.1
Project("{9A19103F-16F7-4668-BE54-9A1E7A4F7556}") = "NetFabric.DoubleLinkedList", "NetFabric.DoubleLinkedList\NetFabric.DoubleLinkedList.csproj", "{00DD0A77-CE1F-43B1-B42E-85EA424D68BC}"
EndProject
Project("{9A19103F-16F7-4668-BE54-9A1E7A4F7556}") = "NetFabric.DoubleLinkedList.Tests", "NetFabric.DoubleLinkedList.Tests\NetFabric.DoubleLinkedList.Tests.csproj", "{31704FB8-1588-4A87-A937-546372FA5C98}"
EndProject
Project("{2150E333-8FDC-42A3-9474-1A3956D46DE8}") = "Solution", "Solution", "{3E6F2E8E-3811-4C1C-BE4C-12C3B88C945F}"
	ProjectSection(SolutionItems) = preProject
		.gitattributes = .gitattributes
		.gitignore = .gitignore
		LICENSE = LICENSE
		README.md = README.md
	EndProjectSection
EndProject
Global
	GlobalSection(SolutionConfigurationPlatforms) = preSolution
		Debug|Any CPU = Debug|Any CPU
		Release|Any CPU = Release|Any CPU
	EndGlobalSection
	GlobalSection(ProjectConfigurationPlatforms) = postSolution
		{00DD0A77-CE1F-43B1-B42E-85EA424D68BC}.Debug|Any CPU.ActiveCfg = Debug|Any CPU
		{00DD0A77-CE1F-43B1-B42E-85EA424D68BC}.Debug|Any CPU.Build.0 = Debug|Any CPU
		{00DD0A77-CE1F-43B1-B42E-85EA424D68BC}.Release|Any CPU.ActiveCfg = Release|Any CPU
		{00DD0A77-CE1F-43B1-B42E-85EA424D68BC}.Release|Any CPU.Build.0 = Release|Any CPU
		{31704FB8-1588-4A87-A937-546372FA5C98}.Debug|Any CPU.ActiveCfg = Debug|Any CPU
		{31704FB8-1588-4A87-A937-546372FA5C98}.Debug|Any CPU.Build.0 = Debug|Any CPU
		{31704FB8-1588-4A87-A937-546372FA5C98}.Release|Any CPU.ActiveCfg = Release|Any CPU
		{31704FB8-1588-4A87-A937-546372FA5C98}.Release|Any CPU.Build.0 = Release|Any CPU
	EndGlobalSection
	GlobalSection(SolutionProperties) = preSolution
		HideSolutionNode = FALSE
	EndGlobalSection
	GlobalSection(ExtensibilityGlobals) = postSolution
		SolutionGuid = {966F7C7A-B805-4B89-B00F-EE1210286FAC}
	EndGlobalSection
EndGlobal
